// !$*UTF8*$!
{
	archiveVersion = 1;
	classes = {
	};
	objectVersion = 77;
	objects = {

/* Begin PBXBuildFile section */
		1242D4212EC4FA51006FCB1C /* .gitignore in Resources */ = {isa = PBXBuildFile; fileRef = 1242D4202EC4FA51006FCB1C /* .gitignore */; };
		12A663902ECD3E5E008839F5 /* WidgetKit.framework in Frameworks */ = {isa = PBXBuildFile; fileRef = 12A6638F2ECD3E5E008839F5 /* WidgetKit.framework */; };
		12A663922ECD3E5E008839F5 /* SwiftUI.framework in Frameworks */ = {isa = PBXBuildFile; fileRef = 12A663912ECD3E5E008839F5 /* SwiftUI.framework */; };
		12A663A32ECD3E60008839F5 /* NexusStackWidgetsExtension.appex in Embed Foundation Extensions */ = {isa = PBXBuildFile; fileRef = 12A6638D2ECD3E5E008839F5 /* NexusStackWidgetsExtension.appex */; settings = {ATTRIBUTES = (RemoveHeadersOnCopy, ); }; };
		12A6641A2ECE8B66008839F5 /* BerkeleyMono-Bold.otf in Resources */ = {isa = PBXBuildFile; fileRef = 12A664192ECE8B66008839F5 /* BerkeleyMono-Bold.otf */; };
		12A6641B2ECE8B66008839F5 /* BerkeleyMono-Bold.otf in Resources */ = {isa = PBXBuildFile; fileRef = 12A664192ECE8B66008839F5 /* BerkeleyMono-Bold.otf */; };
/* End PBXBuildFile section */

/* Begin PBXContainerItemProxy section */
		12A663A12ECD3E60008839F5 /* PBXContainerItemProxy */ = {
			isa = PBXContainerItemProxy;
			containerPortal = 12E9B8522E6B8C0B00AB4AED /* Project object */;
			proxyType = 1;
			remoteGlobalIDString = 12A6638C2ECD3E5E008839F5;
			remoteInfo = NexusStackWidgetsExtension;
		};
		12E9B86A2E6B8C0D00AB4AED /* PBXContainerItemProxy */ = {
			isa = PBXContainerItemProxy;
			containerPortal = 12E9B8522E6B8C0B00AB4AED /* Project object */;
			proxyType = 1;
			remoteGlobalIDString = 12E9B8592E6B8C0B00AB4AED;
			remoteInfo = "OE Hub";
		};
		12E9B8742E6B8C0D00AB4AED /* PBXContainerItemProxy */ = {
			isa = PBXContainerItemProxy;
			containerPortal = 12E9B8522E6B8C0B00AB4AED /* Project object */;
			proxyType = 1;
			remoteGlobalIDString = 12E9B8592E6B8C0B00AB4AED;
			remoteInfo = "OE Hub";
		};
/* End PBXContainerItemProxy section */

/* Begin PBXCopyFilesBuildPhase section */
		12A663A82ECD3E60008839F5 /* Embed Foundation Extensions */ = {
			isa = PBXCopyFilesBuildPhase;
			buildActionMask = 2147483647;
			dstPath = "";
			dstSubfolderSpec = 13;
			files = (
				12A663A32ECD3E60008839F5 /* NexusStackWidgetsExtension.appex in Embed Foundation Extensions */,
			);
			name = "Embed Foundation Extensions";
			runOnlyForDeploymentPostprocessing = 0;
		};
/* End PBXCopyFilesBuildPhase section */

/* Begin PBXFileReference section */
		1242D4202EC4FA51006FCB1C /* .gitignore */ = {isa = PBXFileReference; lastKnownFileType = text; path = .gitignore; sourceTree = "<group>"; };
		12A6638D2ECD3E5E008839F5 /* NexusStackWidgetsExtension.appex */ = {isa = PBXFileReference; explicitFileType = "wrapper.app-extension"; includeInIndex = 0; path = NexusStackWidgetsExtension.appex; sourceTree = BUILT_PRODUCTS_DIR; };
		12A6638F2ECD3E5E008839F5 /* WidgetKit.framework */ = {isa = PBXFileReference; lastKnownFileType = wrapper.framework; name = WidgetKit.framework; path = System/Library/Frameworks/WidgetKit.framework; sourceTree = SDKROOT; };
		12A663912ECD3E5E008839F5 /* SwiftUI.framework */ = {isa = PBXFileReference; lastKnownFileType = wrapper.framework; name = SwiftUI.framework; path = System/Library/Frameworks/SwiftUI.framework; sourceTree = SDKROOT; };
		12A663AA2ECD3F26008839F5 /* NexusStackWidgetsExtension.entitlements */ = {isa = PBXFileReference; lastKnownFileType = text.plist.entitlements; path = NexusStackWidgetsExtension.entitlements; sourceTree = "<group>"; };
		12A664192ECE8B66008839F5 /* BerkeleyMono-Bold.otf */ = {isa = PBXFileReference; lastKnownFileType = file; path = "BerkeleyMono-Bold.otf"; sourceTree = "<group>"; };
		12E9B85A2E6B8C0B00AB4AED /* OE Hub.app */ = {isa = PBXFileReference; explicitFileType = wrapper.application; includeInIndex = 0; path = "OE Hub.app"; sourceTree = BUILT_PRODUCTS_DIR; };
		12E9B8692E6B8C0D00AB4AED /* OE HubTests.xctest */ = {isa = PBXFileReference; explicitFileType = wrapper.cfbundle; includeInIndex = 0; path = "OE HubTests.xctest"; sourceTree = BUILT_PRODUCTS_DIR; };
		12E9B8732E6B8C0D00AB4AED /* OE HubUITests.xctest */ = {isa = PBXFileReference; explicitFileType = wrapper.cfbundle; includeInIndex = 0; path = "OE HubUITests.xctest"; sourceTree = BUILT_PRODUCTS_DIR; };
/* End PBXFileReference section */

/* Begin PBXFileSystemSynchronizedBuildFileExceptionSet section */
		12A663A42ECD3E60008839F5 /* Exceptions for "NexusStackWidgets" folder in "NexusStackWidgetsExtension" target */ = {
			isa = PBXFileSystemSynchronizedBuildFileExceptionSet;
			membershipExceptions = (
				Info.plist,
			);
			target = 12A6638C2ECD3E5E008839F5 /* NexusStackWidgetsExtension */;
		};
/* End PBXFileSystemSynchronizedBuildFileExceptionSet section */

/* Begin PBXFileSystemSynchronizedRootGroup section */
		12A663932ECD3E5E008839F5 /* NexusStackWidgets */ = {
			isa = PBXFileSystemSynchronizedRootGroup;
			exceptions = (
				12A663A42ECD3E60008839F5 /* Exceptions for "NexusStackWidgets" folder in "NexusStackWidgetsExtension" target */,
			);
			path = NexusStackWidgets;
			sourceTree = "<group>";
		};
		12DAB3EA2EC2FBAA00687A3B /* Screenshots */ = {
			isa = PBXFileSystemSynchronizedRootGroup;
			path = Screenshots;
			sourceTree = "<group>";
		};
		12E9B85C2E6B8C0B00AB4AED /* OE Hub */ = {
			isa = PBXFileSystemSynchronizedRootGroup;
			path = "OE Hub";
			sourceTree = "<group>";
		};
		12E9B86C2E6B8C0D00AB4AED /* OE HubTests */ = {
			isa = PBXFileSystemSynchronizedRootGroup;
			path = "OE HubTests";
			sourceTree = "<group>";
		};
		12E9B8762E6B8C0D00AB4AED /* OE HubUITests */ = {
			isa = PBXFileSystemSynchronizedRootGroup;
			path = "OE HubUITests";
			sourceTree = "<group>";
		};
/* End PBXFileSystemSynchronizedRootGroup section */

/* Begin PBXFrameworksBuildPhase section */
		12A6638A2ECD3E5E008839F5 /* Frameworks */ = {
			isa = PBXFrameworksBuildPhase;
			buildActionMask = 2147483647;
			files = (
				12A663922ECD3E5E008839F5 /* SwiftUI.framework in Frameworks */,
				12A663902ECD3E5E008839F5 /* WidgetKit.framework in Frameworks */,
			);
			runOnlyForDeploymentPostprocessing = 0;
		};
		12E9B8572E6B8C0B00AB4AED /* Frameworks */ = {
			isa = PBXFrameworksBuildPhase;
			buildActionMask = 2147483647;
			files = (
			);
			runOnlyForDeploymentPostprocessing = 0;
		};
		12E9B8662E6B8C0D00AB4AED /* Frameworks */ = {
			isa = PBXFrameworksBuildPhase;
			buildActionMask = 2147483647;
			files = (
			);
			runOnlyForDeploymentPostprocessing = 0;
		};
		12E9B8702E6B8C0D00AB4AED /* Frameworks */ = {
			isa = PBXFrameworksBuildPhase;
			buildActionMask = 2147483647;
			files = (
			);
			runOnlyForDeploymentPostprocessing = 0;
		};
/* End PBXFrameworksBuildPhase section */

/* Begin PBXGroup section */
		12A6638E2ECD3E5E008839F5 /* Frameworks */ = {
			isa = PBXGroup;
			children = (
				12A6638F2ECD3E5E008839F5 /* WidgetKit.framework */,
				12A663912ECD3E5E008839F5 /* SwiftUI.framework */,
			);
			name = Frameworks;
			sourceTree = "<group>";
		};
		12E9B8512E6B8C0B00AB4AED = {
			isa = PBXGroup;
			children = (
				12A664192ECE8B66008839F5 /* BerkeleyMono-Bold.otf */,
				12A663AA2ECD3F26008839F5 /* NexusStackWidgetsExtension.entitlements */,
				12DAB3EA2EC2FBAA00687A3B /* Screenshots */,
				12E9B85C2E6B8C0B00AB4AED /* OE Hub */,
				12E9B86C2E6B8C0D00AB4AED /* OE HubTests */,
				12E9B8762E6B8C0D00AB4AED /* OE HubUITests */,
				12A663932ECD3E5E008839F5 /* NexusStackWidgets */,
				12A6638E2ECD3E5E008839F5 /* Frameworks */,
				12E9B85B2E6B8C0B00AB4AED /* Products */,
				1242D4202EC4FA51006FCB1C /* .gitignore */,
			);
			sourceTree = "<group>";
		};
		12E9B85B2E6B8C0B00AB4AED /* Products */ = {
			isa = PBXGroup;
			children = (
				12E9B85A2E6B8C0B00AB4AED /* OE Hub.app */,
				12E9B8692E6B8C0D00AB4AED /* OE HubTests.xctest */,
				12E9B8732E6B8C0D00AB4AED /* OE HubUITests.xctest */,
				12A6638D2ECD3E5E008839F5 /* NexusStackWidgetsExtension.appex */,
			);
			name = Products;
			sourceTree = "<group>";
		};
/* End PBXGroup section */

/* Begin PBXNativeTarget section */
		12A6638C2ECD3E5E008839F5 /* NexusStackWidgetsExtension */ = {
			isa = PBXNativeTarget;
			buildConfigurationList = 12A663A52ECD3E60008839F5 /* Build configuration list for PBXNativeTarget "NexusStackWidgetsExtension" */;
			buildPhases = (
				12A663892ECD3E5E008839F5 /* Sources */,
				12A6638A2ECD3E5E008839F5 /* Frameworks */,
				12A6638B2ECD3E5E008839F5 /* Resources */,
			);
			buildRules = (
			);
			dependencies = (
			);
			fileSystemSynchronizedGroups = (
				12A663932ECD3E5E008839F5 /* NexusStackWidgets */,
			);
			name = NexusStackWidgetsExtension;
			packageProductDependencies = (
			);
			productName = NexusStackWidgetsExtension;
			productReference = 12A6638D2ECD3E5E008839F5 /* NexusStackWidgetsExtension.appex */;
			productType = "com.apple.product-type.app-extension";
		};
		12E9B8592E6B8C0B00AB4AED /* OE Hub */ = {
			isa = PBXNativeTarget;
			buildConfigurationList = 12E9B87D2E6B8C0D00AB4AED /* Build configuration list for PBXNativeTarget "OE Hub" */;
			buildPhases = (
				12E9B8562E6B8C0B00AB4AED /* Sources */,
				12E9B8572E6B8C0B00AB4AED /* Frameworks */,
				12E9B8582E6B8C0B00AB4AED /* Resources */,
				12A663A82ECD3E60008839F5 /* Embed Foundation Extensions */,
			);
			buildRules = (
			);
			dependencies = (
				12A663A22ECD3E60008839F5 /* PBXTargetDependency */,
			);
			fileSystemSynchronizedGroups = (
				12DAB3EA2EC2FBAA00687A3B /* Screenshots */,
				12E9B85C2E6B8C0B00AB4AED /* OE Hub */,
			);
			name = "OE Hub";
			packageProductDependencies = (
			);
			productName = "OE Hub";
			productReference = 12E9B85A2E6B8C0B00AB4AED /* OE Hub.app */;
			productType = "com.apple.product-type.application";
		};
		12E9B8682E6B8C0D00AB4AED /* OE HubTests */ = {
			isa = PBXNativeTarget;
			buildConfigurationList = 12E9B8802E6B8C0D00AB4AED /* Build configuration list for PBXNativeTarget "OE HubTests" */;
			buildPhases = (
				12E9B8652E6B8C0D00AB4AED /* Sources */,
				12E9B8662E6B8C0D00AB4AED /* Frameworks */,
				12E9B8672E6B8C0D00AB4AED /* Resources */,
			);
			buildRules = (
			);
			dependencies = (
				12E9B86B2E6B8C0D00AB4AED /* PBXTargetDependency */,
			);
			fileSystemSynchronizedGroups = (
				12E9B86C2E6B8C0D00AB4AED /* OE HubTests */,
			);
			name = "OE HubTests";
			packageProductDependencies = (
			);
			productName = "OE HubTests";
			productReference = 12E9B8692E6B8C0D00AB4AED /* OE HubTests.xctest */;
			productType = "com.apple.product-type.bundle.unit-test";
		};
		12E9B8722E6B8C0D00AB4AED /* OE HubUITests */ = {
			isa = PBXNativeTarget;
			buildConfigurationList = 12E9B8832E6B8C0D00AB4AED /* Build configuration list for PBXNativeTarget "OE HubUITests" */;
			buildPhases = (
				12E9B86F2E6B8C0D00AB4AED /* Sources */,
				12E9B8702E6B8C0D00AB4AED /* Frameworks */,
				12E9B8712E6B8C0D00AB4AED /* Resources */,
			);
			buildRules = (
			);
			dependencies = (
				12E9B8752E6B8C0D00AB4AED /* PBXTargetDependency */,
			);
			fileSystemSynchronizedGroups = (
				12E9B8762E6B8C0D00AB4AED /* OE HubUITests */,
			);
			name = "OE HubUITests";
			packageProductDependencies = (
			);
			productName = "OE HubUITests";
			productReference = 12E9B8732E6B8C0D00AB4AED /* OE HubUITests.xctest */;
			productType = "com.apple.product-type.bundle.ui-testing";
		};
/* End PBXNativeTarget section */

/* Begin PBXProject section */
		12E9B8522E6B8C0B00AB4AED /* Project object */ = {
			isa = PBXProject;
			attributes = {
				BuildIndependentTargetsInParallel = 1;
				LastSwiftUpdateCheck = 2600;
				LastUpgradeCheck = 1630;
				TargetAttributes = {
					12A6638C2ECD3E5E008839F5 = {
						CreatedOnToolsVersion = 26.0;
					};
					12E9B8592E6B8C0B00AB4AED = {
						CreatedOnToolsVersion = 16.3;
					};
					12E9B8682E6B8C0D00AB4AED = {
						CreatedOnToolsVersion = 16.3;
						TestTargetID = 12E9B8592E6B8C0B00AB4AED;
					};
					12E9B8722E6B8C0D00AB4AED = {
						CreatedOnToolsVersion = 16.3;
						TestTargetID = 12E9B8592E6B8C0B00AB4AED;
					};
				};
			};
			buildConfigurationList = 12E9B8552E6B8C0B00AB4AED /* Build configuration list for PBXProject "OE Hub" */;
			developmentRegion = en;
			hasScannedForEncodings = 0;
			knownRegions = (
				en,
				Base,
			);
			mainGroup = 12E9B8512E6B8C0B00AB4AED;
			minimizedProjectReferenceProxies = 1;
			preferredProjectObjectVersion = 77;
			productRefGroup = 12E9B85B2E6B8C0B00AB4AED /* Products */;
			projectDirPath = "";
			projectRoot = "";
			targets = (
				12E9B8592E6B8C0B00AB4AED /* OE Hub */,
				12E9B8682E6B8C0D00AB4AED /* OE HubTests */,
				12E9B8722E6B8C0D00AB4AED /* OE HubUITests */,
				12A6638C2ECD3E5E008839F5 /* NexusStackWidgetsExtension */,
			);
		};
/* End PBXProject section */

/* Begin PBXResourcesBuildPhase section */
		12A6638B2ECD3E5E008839F5 /* Resources */ = {
			isa = PBXResourcesBuildPhase;
			buildActionMask = 2147483647;
			files = (
				12A6641A2ECE8B66008839F5 /* BerkeleyMono-Bold.otf in Resources */,
			);
			runOnlyForDeploymentPostprocessing = 0;
		};
		12E9B8582E6B8C0B00AB4AED /* Resources */ = {
			isa = PBXResourcesBuildPhase;
			buildActionMask = 2147483647;
			files = (
				1242D4212EC4FA51006FCB1C /* .gitignore in Resources */,
				12A6641B2ECE8B66008839F5 /* BerkeleyMono-Bold.otf in Resources */,
			);
			runOnlyForDeploymentPostprocessing = 0;
		};
		12E9B8672E6B8C0D00AB4AED /* Resources */ = {
			isa = PBXResourcesBuildPhase;
			buildActionMask = 2147483647;
			files = (
			);
			runOnlyForDeploymentPostprocessing = 0;
		};
		12E9B8712E6B8C0D00AB4AED /* Resources */ = {
			isa = PBXResourcesBuildPhase;
			buildActionMask = 2147483647;
			files = (
			);
			runOnlyForDeploymentPostprocessing = 0;
		};
/* End PBXResourcesBuildPhase section */

/* Begin PBXSourcesBuildPhase section */
		12A663892ECD3E5E008839F5 /* Sources */ = {
			isa = PBXSourcesBuildPhase;
			buildActionMask = 2147483647;
			files = (
			);
			runOnlyForDeploymentPostprocessing = 0;
		};
		12E9B8562E6B8C0B00AB4AED /* Sources */ = {
			isa = PBXSourcesBuildPhase;
			buildActionMask = 2147483647;
			files = (
			);
			runOnlyForDeploymentPostprocessing = 0;
		};
		12E9B8652E6B8C0D00AB4AED /* Sources */ = {
			isa = PBXSourcesBuildPhase;
			buildActionMask = 2147483647;
			files = (
			);
			runOnlyForDeploymentPostprocessing = 0;
		};
		12E9B86F2E6B8C0D00AB4AED /* Sources */ = {
			isa = PBXSourcesBuildPhase;
			buildActionMask = 2147483647;
			files = (
			);
			runOnlyForDeploymentPostprocessing = 0;
		};
/* End PBXSourcesBuildPhase section */

/* Begin PBXTargetDependency section */
		12A663A22ECD3E60008839F5 /* PBXTargetDependency */ = {
			isa = PBXTargetDependency;
			target = 12A6638C2ECD3E5E008839F5 /* NexusStackWidgetsExtension */;
			targetProxy = 12A663A12ECD3E60008839F5 /* PBXContainerItemProxy */;
		};
		12E9B86B2E6B8C0D00AB4AED /* PBXTargetDependency */ = {
			isa = PBXTargetDependency;
			target = 12E9B8592E6B8C0B00AB4AED /* OE Hub */;
			targetProxy = 12E9B86A2E6B8C0D00AB4AED /* PBXContainerItemProxy */;
		};
		12E9B8752E6B8C0D00AB4AED /* PBXTargetDependency */ = {
			isa = PBXTargetDependency;
			target = 12E9B8592E6B8C0B00AB4AED /* OE Hub */;
			targetProxy = 12E9B8742E6B8C0D00AB4AED /* PBXContainerItemProxy */;
		};
/* End PBXTargetDependency section */

/* Begin XCBuildConfiguration section */
		12A663A62ECD3E60008839F5 /* Debug */ = {
			isa = XCBuildConfiguration;
			buildSettings = {
				ASSETCATALOG_COMPILER_GLOBAL_ACCENT_COLOR_NAME = AccentColor;
				ASSETCATALOG_COMPILER_WIDGET_BACKGROUND_COLOR_NAME = WidgetBackground;
				CODE_SIGN_ENTITLEMENTS = NexusStackWidgetsExtension.entitlements;
				CODE_SIGN_IDENTITY = "Apple Development";
				CODE_SIGN_STYLE = Automatic;
				CURRENT_PROJECT_VERSION = 1;
				DEVELOPMENT_TEAM = 86MW3ZP4BF;
				GENERATE_INFOPLIST_FILE = YES;
				INFOPLIST_FILE = NexusStackWidgets/Info.plist;
				INFOPLIST_KEY_CFBundleDisplayName = NexusStackWidgets;
				INFOPLIST_KEY_NSHumanReadableCopyright = "";
				IPHONEOS_DEPLOYMENT_TARGET = 26.0;
				LD_RUNPATH_SEARCH_PATHS = (
					"$(inherited)",
					"@executable_path/Frameworks",
					"@executable_path/../../Frameworks",
				);
				MARKETING_VERSION = 1.0.5;
				PRODUCT_BUNDLE_IDENTIFIER = "ColdCodeBliss.OE-Hub.NexusStackWidgets";
				PRODUCT_NAME = "$(TARGET_NAME)";
				SKIP_INSTALL = YES;
				STRING_CATALOG_GENERATE_SYMBOLS = YES;
				SWIFT_APPROACHABLE_CONCURRENCY = YES;
				SWIFT_EMIT_LOC_STRINGS = YES;
				SWIFT_UPCOMING_FEATURE_MEMBER_IMPORT_VISIBILITY = YES;
				SWIFT_VERSION = 5.0;
				TARGETED_DEVICE_FAMILY = "1,2";
			};
			name = Debug;
		};
		12A663A72ECD3E60008839F5 /* Release */ = {
			isa = XCBuildConfiguration;
			buildSettings = {
				ASSETCATALOG_COMPILER_GLOBAL_ACCENT_COLOR_NAME = AccentColor;
				ASSETCATALOG_COMPILER_WIDGET_BACKGROUND_COLOR_NAME = WidgetBackground;
				CODE_SIGN_ENTITLEMENTS = NexusStackWidgetsExtension.entitlements;
				CODE_SIGN_IDENTITY = "Apple Development";
				CODE_SIGN_STYLE = Automatic;
				CURRENT_PROJECT_VERSION = 1;
				DEVELOPMENT_TEAM = 86MW3ZP4BF;
				GENERATE_INFOPLIST_FILE = YES;
				INFOPLIST_FILE = NexusStackWidgets/Info.plist;
				INFOPLIST_KEY_CFBundleDisplayName = NexusStackWidgets;
				INFOPLIST_KEY_NSHumanReadableCopyright = "";
				IPHONEOS_DEPLOYMENT_TARGET = 26.0;
				LD_RUNPATH_SEARCH_PATHS = (
					"$(inherited)",
					"@executable_path/Frameworks",
					"@executable_path/../../Frameworks",
				);
				MARKETING_VERSION = 1.0.5;
				PRODUCT_BUNDLE_IDENTIFIER = "ColdCodeBliss.OE-Hub.NexusStackWidgets";
				PRODUCT_NAME = "$(TARGET_NAME)";
				SKIP_INSTALL = YES;
				STRING_CATALOG_GENERATE_SYMBOLS = YES;
				SWIFT_APPROACHABLE_CONCURRENCY = YES;
				SWIFT_EMIT_LOC_STRINGS = YES;
				SWIFT_UPCOMING_FEATURE_MEMBER_IMPORT_VISIBILITY = YES;
				SWIFT_VERSION = 5.0;
				TARGETED_DEVICE_FAMILY = "1,2";
			};
			name = Release;
		};
		12E9B87B2E6B8C0D00AB4AED /* Debug */ = {
			isa = XCBuildConfiguration;
			buildSettings = {
				ALWAYS_SEARCH_USER_PATHS = NO;
				ASSETCATALOG_COMPILER_GENERATE_SWIFT_ASSET_SYMBOL_EXTENSIONS = YES;
				CLANG_ANALYZER_NONNULL = YES;
				CLANG_ANALYZER_NUMBER_OBJECT_CONVERSION = YES_AGGRESSIVE;
				CLANG_CXX_LANGUAGE_STANDARD = "gnu++20";
				CLANG_ENABLE_MODULES = YES;
				CLANG_ENABLE_OBJC_ARC = YES;
				CLANG_ENABLE_OBJC_WEAK = YES;
				CLANG_WARN_BLOCK_CAPTURE_AUTORELEASING = YES;
				CLANG_WARN_BOOL_CONVERSION = YES;
				CLANG_WARN_COMMA = YES;
				CLANG_WARN_CONSTANT_CONVERSION = YES;
				CLANG_WARN_DEPRECATED_OBJC_IMPLEMENTATIONS = YES;
				CLANG_WARN_DIRECT_OBJC_ISA_USAGE = YES_ERROR;
				CLANG_WARN_DOCUMENTATION_COMMENTS = YES;
				CLANG_WARN_EMPTY_BODY = YES;
				CLANG_WARN_ENUM_CONVERSION = YES;
				CLANG_WARN_INFINITE_RECURSION = YES;
				CLANG_WARN_INT_CONVERSION = YES;
				CLANG_WARN_NON_LITERAL_NULL_CONVERSION = YES;
				CLANG_WARN_OBJC_IMPLICIT_RETAIN_SELF = YES;
				CLANG_WARN_OBJC_LITERAL_CONVERSION = YES;
				CLANG_WARN_OBJC_ROOT_CLASS = YES_ERROR;
				CLANG_WARN_QUOTED_INCLUDE_IN_FRAMEWORK_HEADER = YES;
				CLANG_WARN_RANGE_LOOP_ANALYSIS = YES;
				CLANG_WARN_STRICT_PROTOTYPES = YES;
				CLANG_WARN_SUSPICIOUS_MOVE = YES;
				CLANG_WARN_UNGUARDED_AVAILABILITY = YES_AGGRESSIVE;
				CLANG_WARN_UNREACHABLE_CODE = YES;
				CLANG_WARN__DUPLICATE_METHOD_MATCH = YES;
				COPY_PHASE_STRIP = NO;
				DEBUG_INFORMATION_FORMAT = dwarf;
				ENABLE_STRICT_OBJC_MSGSEND = YES;
				ENABLE_TESTABILITY = YES;
				ENABLE_USER_SCRIPT_SANDBOXING = YES;
				GCC_C_LANGUAGE_STANDARD = gnu17;
				GCC_DYNAMIC_NO_PIC = NO;
				GCC_NO_COMMON_BLOCKS = YES;
				GCC_OPTIMIZATION_LEVEL = 0;
				GCC_PREPROCESSOR_DEFINITIONS = (
					"DEBUG=1",
					"$(inherited)",
				);
				GCC_WARN_64_TO_32_BIT_CONVERSION = YES;
				GCC_WARN_ABOUT_RETURN_TYPE = YES_ERROR;
				GCC_WARN_UNDECLARED_SELECTOR = YES;
				GCC_WARN_UNINITIALIZED_AUTOS = YES_AGGRESSIVE;
				GCC_WARN_UNUSED_FUNCTION = YES;
				GCC_WARN_UNUSED_VARIABLE = YES;
				IPHONEOS_DEPLOYMENT_TARGET = 18.4;
				LOCALIZATION_PREFERS_STRING_CATALOGS = YES;
				MTL_ENABLE_DEBUG_INFO = INCLUDE_SOURCE;
				MTL_FAST_MATH = YES;
				ONLY_ACTIVE_ARCH = YES;
				SDKROOT = iphoneos;
				SWIFT_ACTIVE_COMPILATION_CONDITIONS = "DEBUG $(inherited)";
				SWIFT_OPTIMIZATION_LEVEL = "-Onone";
			};
			name = Debug;
		};
		12E9B87C2E6B8C0D00AB4AED /* Release */ = {
			isa = XCBuildConfiguration;
			buildSettings = {
				ALWAYS_SEARCH_USER_PATHS = NO;
				ASSETCATALOG_COMPILER_GENERATE_SWIFT_ASSET_SYMBOL_EXTENSIONS = YES;
				CLANG_ANALYZER_NONNULL = YES;
				CLANG_ANALYZER_NUMBER_OBJECT_CONVERSION = YES_AGGRESSIVE;
				CLANG_CXX_LANGUAGE_STANDARD = "gnu++20";
				CLANG_ENABLE_MODULES = YES;
				CLANG_ENABLE_OBJC_ARC = YES;
				CLANG_ENABLE_OBJC_WEAK = YES;
				CLANG_WARN_BLOCK_CAPTURE_AUTORELEASING = YES;
				CLANG_WARN_BOOL_CONVERSION = YES;
				CLANG_WARN_COMMA = YES;
				CLANG_WARN_CONSTANT_CONVERSION = YES;
				CLANG_WARN_DEPRECATED_OBJC_IMPLEMENTATIONS = YES;
				CLANG_WARN_DIRECT_OBJC_ISA_USAGE = YES_ERROR;
				CLANG_WARN_DOCUMENTATION_COMMENTS = YES;
				CLANG_WARN_EMPTY_BODY = YES;
				CLANG_WARN_ENUM_CONVERSION = YES;
				CLANG_WARN_INFINITE_RECURSION = YES;
				CLANG_WARN_INT_CONVERSION = YES;
				CLANG_WARN_NON_LITERAL_NULL_CONVERSION = YES;
				CLANG_WARN_OBJC_IMPLICIT_RETAIN_SELF = YES;
				CLANG_WARN_OBJC_LITERAL_CONVERSION = YES;
				CLANG_WARN_OBJC_ROOT_CLASS = YES_ERROR;
				CLANG_WARN_QUOTED_INCLUDE_IN_FRAMEWORK_HEADER = YES;
				CLANG_WARN_RANGE_LOOP_ANALYSIS = YES;
				CLANG_WARN_STRICT_PROTOTYPES = YES;
				CLANG_WARN_SUSPICIOUS_MOVE = YES;
				CLANG_WARN_UNGUARDED_AVAILABILITY = YES_AGGRESSIVE;
				CLANG_WARN_UNREACHABLE_CODE = YES;
				CLANG_WARN__DUPLICATE_METHOD_MATCH = YES;
				COPY_PHASE_STRIP = NO;
				DEBUG_INFORMATION_FORMAT = "dwarf-with-dsym";
				ENABLE_NS_ASSERTIONS = NO;
				ENABLE_STRICT_OBJC_MSGSEND = YES;
				ENABLE_USER_SCRIPT_SANDBOXING = YES;
				GCC_C_LANGUAGE_STANDARD = gnu17;
				GCC_NO_COMMON_BLOCKS = YES;
				GCC_WARN_64_TO_32_BIT_CONVERSION = YES;
				GCC_WARN_ABOUT_RETURN_TYPE = YES_ERROR;
				GCC_WARN_UNDECLARED_SELECTOR = YES;
				GCC_WARN_UNINITIALIZED_AUTOS = YES_AGGRESSIVE;
				GCC_WARN_UNUSED_FUNCTION = YES;
				GCC_WARN_UNUSED_VARIABLE = YES;
				IPHONEOS_DEPLOYMENT_TARGET = 18.4;
				LOCALIZATION_PREFERS_STRING_CATALOGS = YES;
				MTL_ENABLE_DEBUG_INFO = NO;
				MTL_FAST_MATH = YES;
				SDKROOT = iphoneos;
				SWIFT_COMPILATION_MODE = wholemodule;
				VALIDATE_PRODUCT = YES;
			};
			name = Release;
		};
		12E9B87E2E6B8C0D00AB4AED /* Debug */ = {
			isa = XCBuildConfiguration;
			buildSettings = {
				ASSETCATALOG_COMPILER_APPICON_NAME = AppIcon;
				ASSETCATALOG_COMPILER_GLOBAL_ACCENT_COLOR_NAME = AccentColor;
				CODE_SIGN_ENTITLEMENTS = "OE Hub/OE Hub.entitlements";
				CODE_SIGN_IDENTITY = "Apple Development";
				CODE_SIGN_STYLE = Automatic;
				CURRENT_PROJECT_VERSION = 1;
				DEVELOPMENT_TEAM = 86MW3ZP4BF;
				ENABLE_PREVIEWS = YES;
				GENERATE_INFOPLIST_FILE = YES;
				INFOPLIST_FILE = "OE-Hub-Info.plist";
				INFOPLIST_KEY_CFBundleDisplayName = .nexusStack;
				INFOPLIST_KEY_LSApplicationCategoryType = "public.app-category.productivity";
				INFOPLIST_KEY_UIApplicationSceneManifest_Generation = YES;
				INFOPLIST_KEY_UIApplicationSupportsIndirectInputEvents = YES;
				INFOPLIST_KEY_UISupportedInterfaceOrientations_iPad = "UIInterfaceOrientationPortrait UIInterfaceOrientationPortraitUpsideDown UIInterfaceOrientationLandscapeLeft UIInterfaceOrientationLandscapeRight";
				INFOPLIST_KEY_UISupportedInterfaceOrientations_iPhone = "UIInterfaceOrientationPortrait UIInterfaceOrientationLandscapeLeft UIInterfaceOrientationLandscapeRight";
				IPHONEOS_DEPLOYMENT_TARGET = 18.6;
				LD_RUNPATH_SEARCH_PATHS = (
					"$(inherited)",
					"@executable_path/Frameworks",
				);
				MARKETING_VERSION = 1.0.5;
				PRODUCT_BUNDLE_IDENTIFIER = "ColdCodeBliss.OE-Hub";
				PRODUCT_NAME = "$(TARGET_NAME)";
				PROVISIONING_PROFILE_SPECIFIER = "";
				SWIFT_EMIT_LOC_STRINGS = YES;
				SWIFT_VERSION = 5.0;
				TARGETED_DEVICE_FAMILY = "1,2";
			};
			name = Debug;
		};
		12E9B87F2E6B8C0D00AB4AED /* Release */ = {
			isa = XCBuildConfiguration;
			buildSettings = {
				ASSETCATALOG_COMPILER_APPICON_NAME = AppIcon;
				ASSETCATALOG_COMPILER_GLOBAL_ACCENT_COLOR_NAME = AccentColor;
				CODE_SIGN_ENTITLEMENTS = "OE Hub/OE Hub.entitlements";
				CODE_SIGN_IDENTITY = "Apple Development";
				CODE_SIGN_STYLE = Automatic;
				CURRENT_PROJECT_VERSION = 1;
				DEVELOPMENT_TEAM = 86MW3ZP4BF;
				ENABLE_PREVIEWS = YES;
				GENERATE_INFOPLIST_FILE = YES;
				INFOPLIST_FILE = "OE-Hub-Info.plist";
				INFOPLIST_KEY_CFBundleDisplayName = .nexusStack;
				INFOPLIST_KEY_LSApplicationCategoryType = "public.app-category.productivity";
				INFOPLIST_KEY_UIApplicationSceneManifest_Generation = YES;
				INFOPLIST_KEY_UIApplicationSupportsIndirectInputEvents = YES;
				INFOPLIST_KEY_UISupportedInterfaceOrientations_iPad = "UIInterfaceOrientationPortrait UIInterfaceOrientationPortraitUpsideDown UIInterfaceOrientationLandscapeLeft UIInterfaceOrientationLandscapeRight";
				INFOPLIST_KEY_UISupportedInterfaceOrientations_iPhone = "UIInterfaceOrientationPortrait UIInterfaceOrientationLandscapeLeft UIInterfaceOrientationLandscapeRight";
				IPHONEOS_DEPLOYMENT_TARGET = 18.6;
				LD_RUNPATH_SEARCH_PATHS = (
					"$(inherited)",
					"@executable_path/Frameworks",
				);
				MARKETING_VERSION = 1.0.5;
				PRODUCT_BUNDLE_IDENTIFIER = "ColdCodeBliss.OE-Hub";
				PRODUCT_NAME = "$(TARGET_NAME)";
				PROVISIONING_PROFILE_SPECIFIER = "";
				SWIFT_EMIT_LOC_STRINGS = YES;
				SWIFT_VERSION = 5.0;
				TARGETED_DEVICE_FAMILY = "1,2";
			};
			name = Release;
		};
		12E9B8812E6B8C0D00AB4AED /* Debug */ = {
			isa = XCBuildConfiguration;
			buildSettings = {
				BUNDLE_LOADER = "$(TEST_HOST)";
				CODE_SIGN_STYLE = Automatic;
				CURRENT_PROJECT_VERSION = 1;
				GENERATE_INFOPLIST_FILE = YES;
				IPHONEOS_DEPLOYMENT_TARGET = 18.4;
				MARKETING_VERSION = 1.0;
				PRODUCT_BUNDLE_IDENTIFIER = "ColdCodeBliss.OE-HubTests";
				PRODUCT_NAME = "$(TARGET_NAME)";
				SWIFT_EMIT_LOC_STRINGS = NO;
				SWIFT_VERSION = 5.0;
				TARGETED_DEVICE_FAMILY = "1,2";
				TEST_HOST = "$(BUILT_PRODUCTS_DIR)/OE Hub.app/$(BUNDLE_EXECUTABLE_FOLDER_PATH)/OE Hub";
			};
			name = Debug;
		};
		12E9B8822E6B8C0D00AB4AED /* Release */ = {
			isa = XCBuildConfiguration;
			buildSettings = {
				BUNDLE_LOADER = "$(TEST_HOST)";
				CODE_SIGN_STYLE = Automatic;
				CURRENT_PROJECT_VERSION = 1;
				GENERATE_INFOPLIST_FILE = YES;
				IPHONEOS_DEPLOYMENT_TARGET = 18.4;
				MARKETING_VERSION = 1.0;
				PRODUCT_BUNDLE_IDENTIFIER = "ColdCodeBliss.OE-HubTests";
				PRODUCT_NAME = "$(TARGET_NAME)";
				SWIFT_EMIT_LOC_STRINGS = NO;
				SWIFT_VERSION = 5.0;
				TARGETED_DEVICE_FAMILY = "1,2";
				TEST_HOST = "$(BUILT_PRODUCTS_DIR)/OE Hub.app/$(BUNDLE_EXECUTABLE_FOLDER_PATH)/OE Hub";
			};
			name = Release;
		};
		12E9B8842E6B8C0D00AB4AED /* Debug */ = {
			isa = XCBuildConfiguration;
			buildSettings = {
				CODE_SIGN_STYLE = Automatic;
				CURRENT_PROJECT_VERSION = 1;
				GENERATE_INFOPLIST_FILE = YES;
				MARKETING_VERSION = 1.0;
				PRODUCT_BUNDLE_IDENTIFIER = "ColdCodeBliss.OE-HubUITests";
				PRODUCT_NAME = "$(TARGET_NAME)";
				SWIFT_EMIT_LOC_STRINGS = NO;
				SWIFT_VERSION = 5.0;
				TARGETED_DEVICE_FAMILY = "1,2";
				TEST_TARGET_NAME = "OE Hub";
			};
			name = Debug;
		};
		12E9B8852E6B8C0D00AB4AED /* Release */ = {
			isa = XCBuildConfiguration;
			buildSettings = {
				CODE_SIGN_STYLE = Automatic;
				CURRENT_PROJECT_VERSION = 1;
				GENERATE_INFOPLIST_FILE = YES;
				MARKETING_VERSION = 1.0;
				PRODUCT_BUNDLE_IDENTIFIER = "ColdCodeBliss.OE-HubUITests";
				PRODUCT_NAME = "$(TARGET_NAME)";
				SWIFT_EMIT_LOC_STRINGS = NO;
				SWIFT_VERSION = 5.0;
				TARGETED_DEVICE_FAMILY = "1,2";
				TEST_TARGET_NAME = "OE Hub";
			};
			name = Release;
		};
/* End XCBuildConfiguration section */

/* Begin XCConfigurationList section */
		12A663A52ECD3E60008839F5 /* Build configuration list for PBXNativeTarget "NexusStackWidgetsExtension" */ = {
			isa = XCConfigurationList;
			buildConfigurations = (
				12A663A62ECD3E60008839F5 /* Debug */,
				12A663A72ECD3E60008839F5 /* Release */,
			);
			defaultConfigurationIsVisible = 0;
			defaultConfigurationName = Release;
		};
		12E9B8552E6B8C0B00AB4AED /* Build configuration list for PBXProject "OE Hub" */ = {
			isa = XCConfigurationList;
			buildConfigurations = (
				12E9B87B2E6B8C0D00AB4AED /* Debug */,
				12E9B87C2E6B8C0D00AB4AED /* Release */,
			);
			defaultConfigurationIsVisible = 0;
			defaultConfigurationName = Release;
		};
		12E9B87D2E6B8C0D00AB4AED /* Build configuration list for PBXNativeTarget "OE Hub" */ = {
			isa = XCConfigurationList;
			buildConfigurations = (
				12E9B87E2E6B8C0D00AB4AED /* Debug */,
				12E9B87F2E6B8C0D00AB4AED /* Release */,
			);
			defaultConfigurationIsVisible = 0;
			defaultConfigurationName = Release;
		};
		12E9B8802E6B8C0D00AB4AED /* Build configuration list for PBXNativeTarget "OE HubTests" */ = {
			isa = XCConfigurationList;
			buildConfigurations = (
				12E9B8812E6B8C0D00AB4AED /* Debug */,
				12E9B8822E6B8C0D00AB4AED /* Release */,
			);
			defaultConfigurationIsVisible = 0;
			defaultConfigurationName = Release;
		};
		12E9B8832E6B8C0D00AB4AED /* Build configuration list for PBXNativeTarget "OE HubUITests" */ = {
			isa = XCConfigurationList;
			buildConfigurations = (
				12E9B8842E6B8C0D00AB4AED /* Debug */,
				12E9B8852E6B8C0D00AB4AED /* Release */,
			);
			defaultConfigurationIsVisible = 0;
			defaultConfigurationName = Release;
		};
/* End XCConfigurationList section */
	};
	rootObject = 12E9B8522E6B8C0B00AB4AED /* Project object */;
}
